{
  "originHash" : "29c476a2695fdec4a434004221362ecefdf8413f5a80feb6bf580461baa5449a",
  "pins" : [
    {
      "identity" : "locking",
      "kind" : "remoteSourceControl",
      "location" : "https://github.com/codingiran/Locking.git",
      "state" : {
        "revision" : "767e28c75308269c403c6795db148fc78a5b420d",
        "version" : "0.0.4"
      }
    }
  ],
  "version" : 3
}
