{
  "originHash" : "b159eccfd29526184341bcaa2aa4ce95886645c1032a8f2b0bddf1ffd173a0fb",
  "pins" : [
    {
      "identity" : "locking",
      "kind" : "remoteSourceControl",
      "location" : "https://github.com/codingiran/Locking.git",
      "state" : {
        "revision" : "a268a3da43bf3295a8fd4e403cf1c57d2ccad0c8",
        "version" : "0.0.3"
      }
    }
  ],
  "version" : 3
}
